
Microsoft Visual Studio Solution File, Format Version 12.00
# Visual Studio Version 17
VisualStudioVersion = 17.2.32630.192
MinimumVisualStudioVersion = 10.0.40219.1
Project("{FAE04EC0-301F-11D3-BF4B-00C04F79EFBC}") = "01.Furniture", "01.Furniture\01.Furniture.csproj", "{455EFC3B-BEA7-42F3-A9A7-752DF93D5471}"
EndProject
Global
	GlobalSection(SolutionConfigurationPlatforms) = preSolution
		Debug|Any CPU = Debug|Any CPU
		Release|Any CPU = Release|Any CPU
	EndGlobalSection
	GlobalSection(ProjectConfigurationPlatforms) = postSolution
		{455EFC3B-BEA7-42F3-A9A7-752DF93D5471}.Debug|Any CPU.ActiveCfg = Debug|Any CPU
		{455EFC3B-BEA7-42F3-A9A7-752DF93D5471}.Debug|Any CPU.Build.0 = Debug|Any CPU
		{455EFC3B-BEA7-42F3-A9A7-752DF93D5471}.Release|Any CPU.ActiveCfg = Release|Any CPU
		{455EFC3B-BEA7-42F3-A9A7-752DF93D5471}.Release|Any CPU.Build.0 = Release|Any CPU
	EndGlobalSection
	GlobalSection(SolutionProperties) = preSolution
		HideSolutionNode = FALSE
	EndGlobalSection
	GlobalSection(ExtensibilityGlobals) = postSolution
		SolutionGuid = {58D0B7A2-C266-4735-9B72-28B45F2B19A9}
	EndGlobalSection
EndGlobal
